
Microsoft Visual Studio Solution File, Format Version 12.00
# Visual Studio Version 17
VisualStudioVersion = 17.4.33103.184
MinimumVisualStudioVersion = 10.0.40219.1
Project("{FAE04EC0-301F-11D3-BF4B-00C04F79EFBC}") = "new_project", "new_project\new_project.csproj", "{EEDEB0CC-7823-4CD9-8C3D-69801FC92374}"
EndProject
Global
	GlobalSection(SolutionConfigurationPlatforms) = preSolution
		Debug|Any CPU = Debug|Any CPU
		Release|Any CPU = Release|Any CPU
	EndGlobalSection
	GlobalSection(ProjectConfigurationPlatforms) = postSolution
		{EEDEB0CC-7823-4CD9-8C3D-69801FC92374}.Debug|Any CPU.ActiveCfg = Debug|Any CPU
		{EEDEB0CC-7823-4CD9-8C3D-69801FC92374}.Debug|Any CPU.Build.0 = Debug|Any CPU
		{EEDEB0CC-7823-4CD9-8C3D-69801FC92374}.Release|Any CPU.ActiveCfg = Release|Any CPU
		{EEDEB0CC-7823-4CD9-8C3D-69801FC92374}.Release|Any CPU.Build.0 = Release|Any CPU
	EndGlobalSection
	GlobalSection(SolutionProperties) = preSolution
		HideSolutionNode = FALSE
	EndGlobalSection
	GlobalSection(ExtensibilityGlobals) = postSolution
		SolutionGuid = {5EB82FB3-693C-4427-9713-A986D63167F6}
	EndGlobalSection
EndGlobal
